
Microsoft Visual Studio Solution File, Format Version 12.00
# Visual Studio Version 16
VisualStudioVersion = 16.0.31911.196
MinimumVisualStudioVersion = 10.0.40219.1
Project("{9A19103F-16F7-4668-BE54-9A1E7A4F7556}") = "ServerConsApp", "serverConsApp\ServerConsApp.csproj", "{B6C1A2F7-7144-4426-BA63-2E05D66D0214}"
EndProject
Project("{9A19103F-16F7-4668-BE54-9A1E7A4F7556}") = "ClientConsApp", "ClientConsApp\ClientConsApp.csproj", "{28B9C634-4ABF-4C8A-BEA5-A946C9B768C5}"
EndProject
Project("{9A19103F-16F7-4668-BE54-9A1E7A4F7556}") = "ServerWPF", "ServerWPF\ServerWPF.csproj", "{FF001DBE-544C-4CAB-B4D7-1926782962E2}"
EndProject
Project("{FAE04EC0-301F-11D3-BF4B-00C04F79EFBC}") = "ClientWPF", "ClientWPF\ClientWPF.csproj", "{C9B28799-0576-4823-AA5F-C30690A0ED23}"
EndProject
Project("{FAE04EC0-301F-11D3-BF4B-00C04F79EFBC}") = "SocketLibrary", "SocketLibrary\SocketLibrary.csproj", "{E75317FA-C274-4F9C-A9E5-1A30277107DA}"
EndProject
Global
	GlobalSection(SolutionConfigurationPlatforms) = preSolution
		Debug|Any CPU = Debug|Any CPU
		Release|Any CPU = Release|Any CPU
	EndGlobalSection
	GlobalSection(ProjectConfigurationPlatforms) = postSolution
		{B6C1A2F7-7144-4426-BA63-2E05D66D0214}.Debug|Any CPU.ActiveCfg = Debug|Any CPU
		{B6C1A2F7-7144-4426-BA63-2E05D66D0214}.Debug|Any CPU.Build.0 = Debug|Any CPU
		{B6C1A2F7-7144-4426-BA63-2E05D66D0214}.Release|Any CPU.ActiveCfg = Release|Any CPU
		{B6C1A2F7-7144-4426-BA63-2E05D66D0214}.Release|Any CPU.Build.0 = Release|Any CPU
		{28B9C634-4ABF-4C8A-BEA5-A946C9B768C5}.Debug|Any CPU.ActiveCfg = Debug|Any CPU
		{28B9C634-4ABF-4C8A-BEA5-A946C9B768C5}.Debug|Any CPU.Build.0 = Debug|Any CPU
		{28B9C634-4ABF-4C8A-BEA5-A946C9B768C5}.Release|Any CPU.ActiveCfg = Release|Any CPU
		{28B9C634-4ABF-4C8A-BEA5-A946C9B768C5}.Release|Any CPU.Build.0 = Release|Any CPU
		{FF001DBE-544C-4CAB-B4D7-1926782962E2}.Debug|Any CPU.ActiveCfg = Debug|Any CPU
		{FF001DBE-544C-4CAB-B4D7-1926782962E2}.Debug|Any CPU.Build.0 = Debug|Any CPU
		{FF001DBE-544C-4CAB-B4D7-1926782962E2}.Release|Any CPU.ActiveCfg = Release|Any CPU
		{FF001DBE-544C-4CAB-B4D7-1926782962E2}.Release|Any CPU.Build.0 = Release|Any CPU
		{C9B28799-0576-4823-AA5F-C30690A0ED23}.Debug|Any CPU.ActiveCfg = Debug|Any CPU
		{C9B28799-0576-4823-AA5F-C30690A0ED23}.Debug|Any CPU.Build.0 = Debug|Any CPU
		{C9B28799-0576-4823-AA5F-C30690A0ED23}.Release|Any CPU.ActiveCfg = Release|Any CPU
		{C9B28799-0576-4823-AA5F-C30690A0ED23}.Release|Any CPU.Build.0 = Release|Any CPU
		{E75317FA-C274-4F9C-A9E5-1A30277107DA}.Debug|Any CPU.ActiveCfg = Debug|Any CPU
		{E75317FA-C274-4F9C-A9E5-1A30277107DA}.Debug|Any CPU.Build.0 = Debug|Any CPU
		{E75317FA-C274-4F9C-A9E5-1A30277107DA}.Release|Any CPU.ActiveCfg = Release|Any CPU
		{E75317FA-C274-4F9C-A9E5-1A30277107DA}.Release|Any CPU.Build.0 = Release|Any CPU
	EndGlobalSection
	GlobalSection(SolutionProperties) = preSolution
		HideSolutionNode = FALSE
	EndGlobalSection
	GlobalSection(ExtensibilityGlobals) = postSolution
		SolutionGuid = {C369507E-E429-4C79-A1E2-45AF4265FE29}
	EndGlobalSection
EndGlobal
